
Microsoft Visual Studio Solution File, Format Version 12.00
# Visual Studio Version 17
VisualStudioVersion = 17.11.35327.3
MinimumVisualStudioVersion = 10.0.40219.1
Project("{FAE04EC0-301F-11D3-BF4B-00C04F79EFBC}") = "screenSplash", "screenSplash\screenSplash.csproj", "{1221AB70-50DD-4EAF-88CC-9238FC832D66}"
EndProject
Global
	GlobalSection(SolutionConfigurationPlatforms) = preSolution
		Debug|Any CPU = Debug|Any CPU
		Release|Any CPU = Release|Any CPU
	EndGlobalSection
	GlobalSection(ProjectConfigurationPlatforms) = postSolution
		{1221AB70-50DD-4EAF-88CC-9238FC832D66}.Debug|Any CPU.ActiveCfg = Debug|Any CPU
		{1221AB70-50DD-4EAF-88CC-9238FC832D66}.Debug|Any CPU.Build.0 = Debug|Any CPU
		{1221AB70-50DD-4EAF-88CC-9238FC832D66}.Release|Any CPU.ActiveCfg = Release|Any CPU
		{1221AB70-50DD-4EAF-88CC-9238FC832D66}.Release|Any CPU.Build.0 = Release|Any CPU
	EndGlobalSection
	GlobalSection(SolutionProperties) = preSolution
		HideSolutionNode = FALSE
	EndGlobalSection
	GlobalSection(ExtensibilityGlobals) = postSolution
		SolutionGuid = {A5CC82A5-F686-472C-ADFE-1F7CF830F128}
	EndGlobalSection
EndGlobal
